
Microsoft Visual Studio Solution File, Format Version 12.00
# Visual Studio Version 16
VisualStudioVersion = 16.0.31129.286
MinimumVisualStudioVersion = 10.0.40219.1
Project("{FAE04EC0-301F-11D3-BF4B-00C04F79EFBC}") = "Raytracing2D", "Raytracing2D\Raytracing2D.csproj", "{3D857E5E-4640-4D4A-A5B7-0327522276E6}"
EndProject
Global
	GlobalSection(SolutionConfigurationPlatforms) = preSolution
		Debug|Any CPU = Debug|Any CPU
		Release|Any CPU = Release|Any CPU
	EndGlobalSection
	GlobalSection(ProjectConfigurationPlatforms) = postSolution
		{3D857E5E-4640-4D4A-A5B7-0327522276E6}.Debug|Any CPU.ActiveCfg = Debug|Any CPU
		{3D857E5E-4640-4D4A-A5B7-0327522276E6}.Debug|Any CPU.Build.0 = Debug|Any CPU
		{3D857E5E-4640-4D4A-A5B7-0327522276E6}.Release|Any CPU.ActiveCfg = Release|Any CPU
		{3D857E5E-4640-4D4A-A5B7-0327522276E6}.Release|Any CPU.Build.0 = Release|Any CPU
	EndGlobalSection
	GlobalSection(SolutionProperties) = preSolution
		HideSolutionNode = FALSE
	EndGlobalSection
	GlobalSection(ExtensibilityGlobals) = postSolution
		SolutionGuid = {6360EBBA-A369-4266-A486-9379422B0E6C}
	EndGlobalSection
EndGlobal
